
Microsoft Visual Studio Solution File, Format Version 12.00
# Visual Studio Version 16
VisualStudioVersion = 16.0.29326.143
MinimumVisualStudioVersion = 10.0.40219.1
Project("{151D2E53-A2C4-4D7D-83FE-D05416EBD58E}") = "HelloLogicApp", "HelloLogicApp\HelloLogicApp.deployproj", "{302D7208-0063-4F67-BE11-683C2814F788}"
EndProject
Global
	GlobalSection(SolutionConfigurationPlatforms) = preSolution
		Debug|Any CPU = Debug|Any CPU
		Release|Any CPU = Release|Any CPU
	EndGlobalSection
	GlobalSection(ProjectConfigurationPlatforms) = postSolution
		{302D7208-0063-4F67-BE11-683C2814F788}.Debug|Any CPU.ActiveCfg = Debug|Any CPU
		{302D7208-0063-4F67-BE11-683C2814F788}.Debug|Any CPU.Build.0 = Debug|Any CPU
		{302D7208-0063-4F67-BE11-683C2814F788}.Release|Any CPU.ActiveCfg = Release|Any CPU
		{302D7208-0063-4F67-BE11-683C2814F788}.Release|Any CPU.Build.0 = Release|Any CPU
	EndGlobalSection
	GlobalSection(SolutionProperties) = preSolution
		HideSolutionNode = FALSE
	EndGlobalSection
	GlobalSection(ExtensibilityGlobals) = postSolution
		SolutionGuid = {02E5A890-D182-4F60-9FCC-A81AD1966F65}
	EndGlobalSection
EndGlobal
